{
  "version": 4,
  "terraform_version": "1.15.2",
  "serial": 57,
  "lineage": "a398412c-69c8-85f9-ef13-1f2433e8d6bc",
  "outputs": {},
  "resources": [
    {
      "mode": "data",
      "type": "local_file",
      "name": "outside_file",
      "provider": "provider[\"registry.terraform.io/hashicorp/local\"]",
      "instances": [
        {
          "schema_version": 0,
          "attributes": {
            "content": "Secret_API_Key_12345\n",
            "content_base64": "U2VjcmV0X0FQSV9LZXlfMTIzNDUK",
            "content_base64sha256": "qRSCbc3ozG5YJdgdAaKevQZ/SFAQjCo6S+j/AhZqh/Q=",
            "content_base64sha512": "F80ZA68kxywzghtjG4SXzu3XFaH2k+1YQIMc4QIVuP12app6LWarwYgjG+LEY83yn4+s/7fG1d+n6DQ+6RjX1Q==",
            "content_md5": "59226acf9b0341429593598c13c6d7a5",
            "content_sha1": "9805569fe2cbd065e3cc328688a12386924c2075",
            "content_sha256": "a914826dcde8cc6e5825d81d01a29ebd067f4850108c2a3a4be8ff02166a87f4",
            "content_sha512": "17cd1903af24c72c33821b631b8497ceedd715a1f693ed5840831ce10215b8fd766a9a7a2d66abc188231be2c463cdf29f8facffb7c6d5dfa7e8343ee918d7d5",
            "filename": "./external_secret.txt",
            "id": "9805569fe2cbd065e3cc328688a12386924c2075"
          },
          "sensitive_attributes": [],
          "identity_schema_version": 0
        }
      ]
    },
    {
      "mode": "managed",
      "type": "local_file",
      "name": "app_config",
      "provider": "provider[\"registry.terraform.io/hashicorp/local\"]",
      "instances": [
        {
          "schema_version": 0,
          "attributes": {
            "content": "SET PORT=8080\nSET ENV=production\nSET LOG=debug\n",
            "content_base64": null,
            "content_base64sha256": "yN1+dZnb2hRRb4tm42QENZSZiWX0hHtJaMyFXq1876c=",
            "content_base64sha512": "fnZ43+T98ZMxdBYUxO+yKGT7+g+QmShQRQawCMB7pH3L73IdNy6Ytq7NJvmy3DaHZH8tJ5tgT+R6cbLgLxzXBw==",
            "content_md5": "76cc9b7499f1ddd7cb565987d7332400",
            "content_sha1": "17ebaabf7015d44605182490bcc5c4c82ba76925",
            "content_sha256": "c8dd7e7599dbda14516f8b66e364043594998965f4847b4968cc855ead7cefa7",
            "content_sha512": "7e7678dfe4fdf19331741614c4efb22864fbfa0f909928504506b008c07ba47dcbef721d372e98b6aecd26f9b2dc3687647f2d279b604fe47a71b2e02f1cd707",
            "directory_permission": "0777",
            "file_permission": "0777",
            "filename": "./app_settings.conf",
            "id": "17ebaabf7015d44605182490bcc5c4c82ba76925",
            "sensitive_content": null,
            "source": null
          },
          "sensitive_attributes": [
            [
              {
                "type": "get_attr",
                "value": "sensitive_content"
              }
            ]
          ],
          "identity_schema_version": 0
        }
      ]
    },
    {
      "mode": "managed",
      "type": "local_file",
      "name": "copied_secret",
      "provider": "provider[\"registry.terraform.io/hashicorp/local\"]",
      "instances": [
        {
          "schema_version": 0,
          "attributes": {
            "content": "The secret we read was: Secret_API_Key_12345\n",
            "content_base64": null,
            "content_base64sha256": "SUTeK+GVTWStyH33DyUBHfTFxaYYL9eV/e5L4o4GlH4=",
            "content_base64sha512": "x4/DUilGIflACKTi1E5AqtUYnEyWp2l/PrlVBN6G9x6CXE6KE1vUyYTWkPbBl1VFQA+lZ0gZaOFDJi31kxPKYA==",
            "content_md5": "87a4324264abdf0a3876ffef2beea6a6",
            "content_sha1": "015dd4d63a875aff1d34b9fef0d956f93543b42a",
            "content_sha256": "4944de2be1954d64adc87df70f25011df4c5c5a6182fd795fdee4be28e06947e",
            "content_sha512": "c78fc352294621f94008a4e2d44e40aad5189c4c96a7697f3eb95504de86f71e825c4e8a135bd4c984d690f6c1975545400fa567481968e143262df59313ca60",
            "directory_permission": "0777",
            "file_permission": "0777",
            "filename": "./cards/copied_from_data_source.txt",
            "id": "015dd4d63a875aff1d34b9fef0d956f93543b42a",
            "sensitive_content": null,
            "source": null
          },
          "sensitive_attributes": [
            [
              {
                "type": "get_attr",
                "value": "sensitive_content"
              }
            ]
          ],
          "identity_schema_version": 0,
          "dependencies": [
            "data.local_file.outside_file"
          ]
        }
      ]
    },
    {
      "mode": "managed",
      "type": "local_file",
      "name": "log",
      "provider": "provider[\"registry.terraform.io/hashicorp/local\"]",
      "instances": [
        {
          "schema_version": 0,
          "attributes": {
            "content": "Log Initialized at 2026-05-07T20:49:30Z",
            "content_base64": null,
            "content_base64sha256": "uJl6CvLiLL320o+jtXKCcRSwomorSjisZhSR9c3HS+g=",
            "content_base64sha512": "F+oHYXRbMCI3BZUpXAvptoAoJCaTIocY2t3K1nUJbh9Q+1Mk6pHtsEnSclS8L8za2cOonlpXS6YZ+sCHzNT55Q==",
            "content_md5": "0f00f8f369da88bedbced93cd35ee3d8",
            "content_sha1": "fee16f75e5ac48b1e2caff6a92dee34be1d5820d",
            "content_sha256": "b8997a0af2e22cbdf6d28fa3b572827114b0a26a2b4a38ac661491f5cdc74be8",
            "content_sha512": "17ea0761745b3022370595295c0be9b68028242693228718daddcad675096e1f50fb5324ea91edb049d27254bc2fccdad9c3a89e5a574ba619fac087ccd4f9e5",
            "directory_permission": "0777",
            "file_permission": "0777",
            "filename": "./system.log",
            "id": "fee16f75e5ac48b1e2caff6a92dee34be1d5820d",
            "sensitive_content": null,
            "source": null
          },
          "sensitive_attributes": [
            [
              {
                "type": "get_attr",
                "value": "sensitive_content"
              }
            ]
          ],
          "identity_schema_version": 0
        }
      ]
    },
    {
      "module": "module.app_cluster[\"dev\"]",
      "mode": "managed",
      "type": "local_file",
      "name": "welcome_files",
      "provider": "provider[\"registry.terraform.io/hashicorp/local\"]",
      "instances": [
        {
          "index_key": "notes.txt",
          "schema_version": 0,
          "attributes": {
            "content": "Terraform modules are powerful.",
            "content_base64": null,
            "content_base64sha256": "LFCw/tQTdQnYgCpjXbwQZsHGqnjSoKqJIW9664a7mko=",
            "content_base64sha512": "mCeyLIKlWaiQ5dLxFHzksvTuL9ud1Qeg+8LA9pIvZSu+3GNiOe7nQVF9wz8BvBGqlB7Gv3UAQp8SzsN0UnuZdg==",
            "content_md5": "4576e9de850f3781130b58d62323b75e",
            "content_sha1": "f1ac6d08998fc9113572d6f2387ee4c32b3a3827",
            "content_sha256": "2c50b0fed4137509d8802a635dbc1066c1c6aa78d2a0aa89216f7aeb86bb9a4a",
            "content_sha512": "9827b22c82a559a890e5d2f1147ce4b2f4ee2fdb9dd507a0fbc2c0f6922f652bbedc636239eee741517dc33f01bc11aa941ec6bf7500429f12cec374527b9976",
            "directory_permission": "0777",
            "file_permission": "0777",
            "filename": "./cards/dev-Tania-Developer-notes.txt",
            "id": "f1ac6d08998fc9113572d6f2387ee4c32b3a3827",
            "sensitive_content": null,
            "source": null
          },
          "sensitive_attributes": [
            [
              {
                "type": "get_attr",
                "value": "sensitive_content"
              }
            ]
          ],
          "identity_schema_version": 0
        },
        {
          "index_key": "welcome.txt",
          "schema_version": 0,
          "attributes": {
            "content": "Welcome to the team!",
            "content_base64": null,
            "content_base64sha256": "5MxeYgnFovxk05jwcpt0kPDfThxWbfpIHxUHU9Uq7DA=",
            "content_base64sha512": "DxFqGyI7umH1hwAtfbMwC4gJ0NNFSkfbNh4oF4JcPfuMHjkURbiFwnaP3cLvpp7lhRZd51l9rW7RU8ri5AWljQ==",
            "content_md5": "8d7322dfdae9b74c6446138ead35ef0f",
            "content_sha1": "c8181e88bea46c343a673fdd3705e49f8171907c",
            "content_sha256": "e4cc5e6209c5a2fc64d398f0729b7490f0df4e1c566dfa481f150753d52aec30",
            "content_sha512": "0f116a1b223bba61f587002d7db3300b8809d0d3454a47db361e2817825c3dfb8c1e391445b885c2768fddc2efa69ee585165de7597dad6ed153cae2e405a58d",
            "directory_permission": "0777",
            "file_permission": "0777",
            "filename": "./cards/dev-Tania-Developer-welcome.txt",
            "id": "c8181e88bea46c343a673fdd3705e49f8171907c",
            "sensitive_content": null,
            "source": null
          },
          "sensitive_attributes": [
            [
              {
                "type": "get_attr",
                "value": "sensitive_content"
              }
            ]
          ],
          "identity_schema_version": 0
        }
      ]
    },
    {
      "module": "module.app_cluster[\"prod\"]",
      "mode": "managed",
      "type": "local_file",
      "name": "welcome_files",
      "provider": "provider[\"registry.terraform.io/hashicorp/local\"]",
      "instances": [
        {
          "index_key": "notes.txt",
          "schema_version": 0,
          "attributes": {
            "content": "Terraform modules are powerful.",
            "content_base64": null,
            "content_base64sha256": "LFCw/tQTdQnYgCpjXbwQZsHGqnjSoKqJIW9664a7mko=",
            "content_base64sha512": "mCeyLIKlWaiQ5dLxFHzksvTuL9ud1Qeg+8LA9pIvZSu+3GNiOe7nQVF9wz8BvBGqlB7Gv3UAQp8SzsN0UnuZdg==",
            "content_md5": "4576e9de850f3781130b58d62323b75e",
            "content_sha1": "f1ac6d08998fc9113572d6f2387ee4c32b3a3827",
            "content_sha256": "2c50b0fed4137509d8802a635dbc1066c1c6aa78d2a0aa89216f7aeb86bb9a4a",
            "content_sha512": "9827b22c82a559a890e5d2f1147ce4b2f4ee2fdb9dd507a0fbc2c0f6922f652bbedc636239eee741517dc33f01bc11aa941ec6bf7500429f12cec374527b9976",
            "directory_permission": "0777",
            "file_permission": "0777",
            "filename": "./cards/prod-Tania-Admin-notes.txt",
            "id": "f1ac6d08998fc9113572d6f2387ee4c32b3a3827",
            "sensitive_content": null,
            "source": null
          },
          "sensitive_attributes": [
            [
              {
                "type": "get_attr",
                "value": "sensitive_content"
              }
            ]
          ],
          "identity_schema_version": 0
        },
        {
          "index_key": "welcome.txt",
          "schema_version": 0,
          "attributes": {
            "content": "Welcome to the team!",
            "content_base64": null,
            "content_base64sha256": "5MxeYgnFovxk05jwcpt0kPDfThxWbfpIHxUHU9Uq7DA=",
            "content_base64sha512": "DxFqGyI7umH1hwAtfbMwC4gJ0NNFSkfbNh4oF4JcPfuMHjkURbiFwnaP3cLvpp7lhRZd51l9rW7RU8ri5AWljQ==",
            "content_md5": "8d7322dfdae9b74c6446138ead35ef0f",
            "content_sha1": "c8181e88bea46c343a673fdd3705e49f8171907c",
            "content_sha256": "e4cc5e6209c5a2fc64d398f0729b7490f0df4e1c566dfa481f150753d52aec30",
            "content_sha512": "0f116a1b223bba61f587002d7db3300b8809d0d3454a47db361e2817825c3dfb8c1e391445b885c2768fddc2efa69ee585165de7597dad6ed153cae2e405a58d",
            "directory_permission": "0777",
            "file_permission": "0777",
            "filename": "./cards/prod-Tania-Admin-welcome.txt",
            "id": "c8181e88bea46c343a673fdd3705e49f8171907c",
            "sensitive_content": null,
            "source": null
          },
          "sensitive_attributes": [
            [
              {
                "type": "get_attr",
                "value": "sensitive_content"
              }
            ]
          ],
          "identity_schema_version": 0
        }
      ]
    },
    {
      "module": "module.app_cluster[\"test\"]",
      "mode": "managed",
      "type": "local_file",
      "name": "welcome_files",
      "provider": "provider[\"registry.terraform.io/hashicorp/local\"]",
      "instances": [
        {
          "index_key": "notes.txt",
          "schema_version": 0,
          "attributes": {
            "content": "Terraform modules are powerful.",
            "content_base64": null,
            "content_base64sha256": "LFCw/tQTdQnYgCpjXbwQZsHGqnjSoKqJIW9664a7mko=",
            "content_base64sha512": "mCeyLIKlWaiQ5dLxFHzksvTuL9ud1Qeg+8LA9pIvZSu+3GNiOe7nQVF9wz8BvBGqlB7Gv3UAQp8SzsN0UnuZdg==",
            "content_md5": "4576e9de850f3781130b58d62323b75e",
            "content_sha1": "f1ac6d08998fc9113572d6f2387ee4c32b3a3827",
            "content_sha256": "2c50b0fed4137509d8802a635dbc1066c1c6aa78d2a0aa89216f7aeb86bb9a4a",
            "content_sha512": "9827b22c82a559a890e5d2f1147ce4b2f4ee2fdb9dd507a0fbc2c0f6922f652bbedc636239eee741517dc33f01bc11aa941ec6bf7500429f12cec374527b9976",
            "directory_permission": "0777",
            "file_permission": "0777",
            "filename": "./cards/test-Tania-Tester-notes.txt",
            "id": "f1ac6d08998fc9113572d6f2387ee4c32b3a3827",
            "sensitive_content": null,
            "source": null
          },
          "sensitive_attributes": [
            [
              {
                "type": "get_attr",
                "value": "sensitive_content"
              }
            ]
          ],
          "identity_schema_version": 0
        },
        {
          "index_key": "welcome.txt",
          "schema_version": 0,
          "attributes": {
            "content": "Welcome to the team!",
            "content_base64": null,
            "content_base64sha256": "5MxeYgnFovxk05jwcpt0kPDfThxWbfpIHxUHU9Uq7DA=",
            "content_base64sha512": "DxFqGyI7umH1hwAtfbMwC4gJ0NNFSkfbNh4oF4JcPfuMHjkURbiFwnaP3cLvpp7lhRZd51l9rW7RU8ri5AWljQ==",
            "content_md5": "8d7322dfdae9b74c6446138ead35ef0f",
            "content_sha1": "c8181e88bea46c343a673fdd3705e49f8171907c",
            "content_sha256": "e4cc5e6209c5a2fc64d398f0729b7490f0df4e1c566dfa481f150753d52aec30",
            "content_sha512": "0f116a1b223bba61f587002d7db3300b8809d0d3454a47db361e2817825c3dfb8c1e391445b885c2768fddc2efa69ee585165de7597dad6ed153cae2e405a58d",
            "directory_permission": "0777",
            "file_permission": "0777",
            "filename": "./cards/test-Tania-Tester-welcome.txt",
            "id": "c8181e88bea46c343a673fdd3705e49f8171907c",
            "sensitive_content": null,
            "source": null
          },
          "sensitive_attributes": [
            [
              {
                "type": "get_attr",
                "value": "sensitive_content"
              }
            ]
          ],
          "identity_schema_version": 0
        }
      ]
    }
  ],
  "check_results": [
    {
      "object_kind": "var",
      "config_addr": "module.app_cluster.var.environment",
      "status": "pass",
      "objects": [
        {
          "object_addr": "module.app_cluster[\"test\"].var.environment",
          "status": "pass"
        },
        {
          "object_addr": "module.app_cluster[\"dev\"].var.environment",
          "status": "pass"
        },
        {
          "object_addr": "module.app_cluster[\"prod\"].var.environment",
          "status": "pass"
        }
      ]
    }
  ]
}
