{
  "version": 4,
  "terraform_version": "1.15.0",
  "serial": 9,
  "lineage": "a398412c-69c8-85f9-ef13-1f2433e8d6bc",
  "outputs": {
    "file_name": {
      "value": "test.txt",
      "type": "string"
    }
  },
  "resources": [
    {
      "mode": "managed",
      "type": "local_file",
      "name": "test",
      "provider": "provider[\"registry.terraform.io/hashicorp/local\"]",
      "instances": [
        {
          "schema_version": 0,
          "attributes": {
            "content": "Hello from variable!",
            "content_base64": null,
            "content_base64sha256": "cu8x8iTJi66yi4dllUKJ8jseLJdrcB8mZ1o3SFVIHRg=",
            "content_base64sha512": "RN3J2QI2GFK3FrW0TMy6uMrea65r25tSoxlAp1zIWU89ccrJc5UItDFJGaI7A0FgfSgg1WhMLvr6LvMz0ox4vA==",
            "content_md5": "6d5ec661d8bc7bba7986eff589c4535e",
            "content_sha1": "0953c32945499948185fb515af4ad4243159d216",
            "content_sha256": "72ef31f224c98baeb28b8765954289f23b1e2c976b701f26675a374855481d18",
            "content_sha512": "44ddc9d902361852b716b5b44cccbab8cade6bae6bdb9b52a31940a75cc8594f3d71cac9739508b4314919a23b0341607d2820d5684c2efafa2ef333d28c78bc",
            "directory_permission": "0777",
            "file_permission": "0777",
            "filename": "test.txt",
            "id": "0953c32945499948185fb515af4ad4243159d216",
            "sensitive_content": null,
            "source": null
          },
          "sensitive_attributes": [
            [
              {
                "type": "get_attr",
                "value": "sensitive_content"
              }
            ]
          ],
          "identity_schema_version": 0
        }
      ]
    }
  ],
  "check_results": null
}
