{
  "version": 4,
  "terraform_version": "1.15.0",
  "serial": 5,
  "lineage": "a398412c-69c8-85f9-ef13-1f2433e8d6bc",
  "outputs": {},
  "resources": [
    {
      "mode": "managed",
      "type": "local_file",
      "name": "test",
      "provider": "provider[\"registry.terraform.io/hashicorp/local\"]",
      "instances": [
        {
          "schema_version": 0,
          "attributes": {
            "content": "Hello Terraform from cloud ☁️",
            "content_base64": null,
            "content_base64sha256": "1NtFmQdbuaw1AxIpu5iLTbFkfpuFMLiN8XhO5mHv1lQ=",
            "content_base64sha512": "i7I0+x4IPaOSldBwnoYajBy72WfP/iavgJjip0aThl0pVzMdn6NUAxMfxr6FWcpi4VIvuk5eB6FVvOkQpL/2Rw==",
            "content_md5": "fb3607d27a214c62ce833e698c45326c",
            "content_sha1": "56be33d44655f0be359e1d8774f04af9df813c38",
            "content_sha256": "d4db4599075bb9ac35031229bb988b4db1647e9b8530b88df1784ee661efd654",
            "content_sha512": "8bb234fb1e083da39295d0709e861a8c1cbbd967cffe26af8098e2a74693865d2957331d9fa35403131fc6be8559ca62e1522fba4e5e07a155bce910a4bff647",
            "directory_permission": "0777",
            "file_permission": "0777",
            "filename": "test.txt",
            "id": "56be33d44655f0be359e1d8774f04af9df813c38",
            "sensitive_content": null,
            "source": null
          },
          "sensitive_attributes": [
            [
              {
                "type": "get_attr",
                "value": "sensitive_content"
              }
            ]
          ],
          "identity_schema_version": 0
        }
      ]
    }
  ],
  "check_results": null
}
