{
  "version": 4,
  "terraform_version": "1.15.2",
  "serial": 37,
  "lineage": "a398412c-69c8-85f9-ef13-1f2433e8d6bc",
  "outputs": {
    "dev_files": {
      "value": [],
      "type": [
        "tuple",
        []
      ]
    }
  },
  "resources": [
    {
      "module": "module.dev_infrastructure",
      "mode": "managed",
      "type": "local_file",
      "name": "welcome_files",
      "provider": "provider[\"registry.terraform.io/hashicorp/local\"]",
      "instances": [
        {
          "index_key": "status.txt",
          "schema_version": 0,
          "attributes": {
            "content": "Learning modules\nEnvironment: dev\nUser: Tania",
            "content_base64": null,
            "content_base64sha256": "cdujdBHi6BzVF3/caZkVhJ022K2zCutBaSqJO7JBee4=",
            "content_base64sha512": "dI5CMe392BvxcYyiTJH3ync/rqz0nFeX6y7GlWtZR4fa06nLzVwk0frvLFUdW2gW4SKoBH9qTdFaYRp0Z7ZAzw==",
            "content_md5": "ed687bcd8cc148dd61c6ab659bf78908",
            "content_sha1": "deee87671f5188315c38a3e2ab37e847d5f181c4",
            "content_sha256": "71dba37411e2e81cd5177fdc699915849d36d8adb30aeb41692a893bb24179ee",
            "content_sha512": "748e4231edfdd81bf1718ca24c91f7ca773faeacf49c5797eb2ec6956b594787dad3a9cbcd5c24d1faef2c551d5b6816e122a8047f6a4dd15a611a7467b640cf",
            "directory_permission": "0777",
            "file_permission": "0777",
            "filename": "./cards/dev-Tania-status.txt",
            "id": "deee87671f5188315c38a3e2ab37e847d5f181c4",
            "sensitive_content": null,
            "source": null
          },
          "sensitive_attributes": [
            [
              {
                "type": "get_attr",
                "value": "sensitive_content"
              }
            ]
          ],
          "identity_schema_version": 0
        },
        {
          "index_key": "task.txt",
          "schema_version": 0,
          "attributes": {
            "content": "Complete the Terraform lab\nEnvironment: dev\nUser: Tania",
            "content_base64": null,
            "content_base64sha256": "Gfo8DMbzUZZM2lBwPLk/c1rJx6m+SHEB+IGBlTpEWSU=",
            "content_base64sha512": "Gkx5GxViihd8NRaSHfNPrLIIYOf3BNkfI8Fu10UhUrkreN8Sm9ZPtS3id3da3VtK7fmsqkVVkiIfm0vc/ky+nw==",
            "content_md5": "44f7daa56c7403f474c12b590a26a3e6",
            "content_sha1": "9964cb6c0bd85c33ed1e6b5173a31839af7250db",
            "content_sha256": "19fa3c0cc6f351964cda50703cb93f735ac9c7a9be487101f88181953a445925",
            "content_sha512": "1a4c791b15628a177c3516921df34facb20860e7f704d91f23c16ed7452152b92b78df129bd64fb52de277775add5b4aedf9acaa455592221f9b4bdcfe4cbe9f",
            "directory_permission": "0777",
            "file_permission": "0777",
            "filename": "./cards/dev-Tania-task.txt",
            "id": "9964cb6c0bd85c33ed1e6b5173a31839af7250db",
            "sensitive_content": null,
            "source": null
          },
          "sensitive_attributes": [
            [
              {
                "type": "get_attr",
                "value": "sensitive_content"
              }
            ]
          ],
          "identity_schema_version": 0
        }
      ]
    },
    {
      "module": "module.prod_infrastructure",
      "mode": "managed",
      "type": "local_file",
      "name": "welcome_files",
      "provider": "provider[\"registry.terraform.io/hashicorp/local\"]",
      "instances": [
        {
          "index_key": "notes.txt",
          "schema_version": 0,
          "attributes": {
            "content": "Terraform modules are powerful.\nEnvironment: prod\nUser: Tania",
            "content_base64": null,
            "content_base64sha256": "HMOwsYeMmeUy0zBqI8VrvAsAHSohORhZP82NEwqju6E=",
            "content_base64sha512": "RZ/waHNJii/YDlRNa9rTHN5yuZiPVjAEA7xxdH7fUOY2aOdMcRR0IuOov/ZPbHpujjGSMYceGWFwXZz81Kr0Mg==",
            "content_md5": "ab5dfa18d19a423602d43df31d676104",
            "content_sha1": "86521f90272aa7b35284897eebacc7ebf5431a80",
            "content_sha256": "1cc3b0b1878c99e532d3306a23c56bbc0b001d2a213918593fcd8d130aa3bba1",
            "content_sha512": "459ff06873498a2fd80e544d6bdad31cde72b9988f56300403bc71747edf50e63668e74c71147422e3a8bff64f6c7a6e8e319231871e1961705d9cfcd4aaf432",
            "directory_permission": "0777",
            "file_permission": "0777",
            "filename": "./cards/prod-Tania-notes.txt",
            "id": "86521f90272aa7b35284897eebacc7ebf5431a80",
            "sensitive_content": null,
            "source": null
          },
          "sensitive_attributes": [
            [
              {
                "type": "get_attr",
                "value": "sensitive_content"
              }
            ]
          ],
          "identity_schema_version": 0
        },
        {
          "index_key": "welcome.txt",
          "schema_version": 0,
          "attributes": {
            "content": "Welcome to the team!\nEnvironment: prod\nUser: Tania",
            "content_base64": null,
            "content_base64sha256": "ROQiwHmS6ql1FgDluJXgiOUKBUW3agteMOOVqwggWew=",
            "content_base64sha512": "b/BRz0KG4y1lAkuvJdK2sLl+UkZOgUNpPo3s/pLf/BlKK7dDRDUutQfaN6QY+/ZPMGOfBA1CVeQw1VYUqZ+bPg==",
            "content_md5": "b713af06f4acb92206ed39c494b5474b",
            "content_sha1": "5f1cbc82249252fdb95d16fe571cc2492278fe61",
            "content_sha256": "44e422c07992eaa9751600e5b895e088e50a0545b76a0b5e30e395ab082059ec",
            "content_sha512": "6ff051cf4286e32d65024baf25d2b6b0b97e52464e8143693e8decfe92dffc194a2bb74344352eb507da37a418fbf64f30639f040d4255e430d55614a99f9b3e",
            "directory_permission": "0777",
            "file_permission": "0777",
            "filename": "./cards/prod-Tania-welcome.txt",
            "id": "5f1cbc82249252fdb95d16fe571cc2492278fe61",
            "sensitive_content": null,
            "source": null
          },
          "sensitive_attributes": [
            [
              {
                "type": "get_attr",
                "value": "sensitive_content"
              }
            ]
          ],
          "identity_schema_version": 0
        }
      ]
    },
    {
      "module": "module.test_infrastructure",
      "mode": "managed",
      "type": "local_file",
      "name": "welcome_files",
      "provider": "provider[\"registry.terraform.io/hashicorp/local\"]",
      "instances": [
        {
          "index_key": "notes.txt",
          "schema_version": 0,
          "attributes": {
            "content": "Terraform modules are powerful.\nEnvironment: test\nUser: Tania",
            "content_base64": null,
            "content_base64sha256": "go+yOVesZJszDGcQMcro9oAcZuS50VRQpINNE7Cnj7s=",
            "content_base64sha512": "O8pxHRCDU8pPHuR80RjqD4JktFtExrF8sv0AJGSZogcOFHtiJ/Zp69sbHJ4jolvl7wnOwKkLG+4srDomJQOlPQ==",
            "content_md5": "aeeec362b99b111853a34d6d9854ceaa",
            "content_sha1": "787a23429ff5243f01bbe0ef5095f455baaddf91",
            "content_sha256": "828fb23957ac649b330c671031cae8f6801c66e4b9d15450a4834d13b0a78fbb",
            "content_sha512": "3bca711d108353ca4f1ee47cd118ea0f8264b45b44c6b17cb2fd00246499a2070e147b6227f669ebdb1b1c9e23a25be5ef09cec0a90b1bee2cac3a262503a53d",
            "directory_permission": "0777",
            "file_permission": "0777",
            "filename": "./cards/test-Tania-notes.txt",
            "id": "787a23429ff5243f01bbe0ef5095f455baaddf91",
            "sensitive_content": null,
            "source": null
          },
          "sensitive_attributes": [
            [
              {
                "type": "get_attr",
                "value": "sensitive_content"
              }
            ]
          ],
          "identity_schema_version": 0
        },
        {
          "index_key": "welcome.txt",
          "schema_version": 0,
          "attributes": {
            "content": "Welcome to the team!\nEnvironment: test\nUser: Tania",
            "content_base64": null,
            "content_base64sha256": "Egw2W7qRUhGf+7+uSESdZ6qcw+jvdGCSabRIGAaUwO4=",
            "content_base64sha512": "e9nlYnb6eORrEFLAswDp1TH+T6mrjq851RMg8VT9Gg/tk7bNrLHexqKpxQE4NC5byFLEXpRWFP6mVzs6cRdVvg==",
            "content_md5": "1137dc319c40c4019690f2afbc6fce6c",
            "content_sha1": "3388f308e5a3b6338b0c4cbfd9556459f287db6f",
            "content_sha256": "120c365bba9152119ffbbfae48449d67aa9cc3e8ef74609269b448180694c0ee",
            "content_sha512": "7bd9e56276fa78e46b1052c0b300e9d531fe4fa9ab8eaf39d51320f154fd1a0fed93b6cdacb1dec6a2a9c50138342e5bc852c45e945614fea6573b3a711755be",
            "directory_permission": "0777",
            "file_permission": "0777",
            "filename": "./cards/test-Tania-welcome.txt",
            "id": "3388f308e5a3b6338b0c4cbfd9556459f287db6f",
            "sensitive_content": null,
            "source": null
          },
          "sensitive_attributes": [
            [
              {
                "type": "get_attr",
                "value": "sensitive_content"
              }
            ]
          ],
          "identity_schema_version": 0
        }
      ]
    }
  ],
  "check_results": [
    {
      "object_kind": "var",
      "config_addr": "module.test_infrastructure.var.environment",
      "status": "pass",
      "objects": [
        {
          "object_addr": "module.test_infrastructure.var.environment",
          "status": "pass"
        }
      ]
    },
    {
      "object_kind": "var",
      "config_addr": "module.dev_infrastructure.var.environment",
      "status": "pass",
      "objects": [
        {
          "object_addr": "module.dev_infrastructure.var.environment",
          "status": "pass"
        }
      ]
    },
    {
      "object_kind": "var",
      "config_addr": "module.prod_infrastructure.var.environment",
      "status": "pass",
      "objects": [
        {
          "object_addr": "module.prod_infrastructure.var.environment",
          "status": "pass"
        }
      ]
    }
  ]
}
