{
  "version": 4,
  "terraform_version": "1.15.0",
  "serial": 26,
  "lineage": "a398412c-69c8-85f9-ef13-1f2433e8d6bc",
  "outputs": {
    "created_files": {
      "value": [
        "dev-file1.txt",
        "dev-file2.txt",
        "dev-notes.txt",
        "dev-secret.txt"
      ],
      "type": [
        "tuple",
        [
          "string",
          "string",
          "string",
          "string"
        ]
      ]
    }
  },
  "resources": [
    {
      "mode": "managed",
      "type": "local_file",
      "name": "files",
      "provider": "provider[\"registry.terraform.io/hashicorp/local\"]",
      "instances": [
        {
          "index_key": "file1.txt",
          "schema_version": 0,
          "attributes": {
            "content": "Hello from file 1",
            "content_base64": null,
            "content_base64sha256": "0oudHdQUDQaskbSJqC1gd88uFLChwa0lTXDLsHpNV2Q=",
            "content_base64sha512": "KUPkZdcwB+4GemZY9C/Cl8YbSa+IpqrS2WLmDtENUdkJJ1K1DDxuGkvaDFrK1su0tGIYee+7p8MJcNPklQeUbQ==",
            "content_md5": "9f5043944733742f5972446739fb46f0",
            "content_sha1": "716e5ab09f197058181f671263c06c0a4db6d1d3",
            "content_sha256": "d28b9d1dd4140d06ac91b489a82d6077cf2e14b0a1c1ad254d70cbb07a4d5764",
            "content_sha512": "2943e465d73007ee067a6658f42fc297c61b49af88a6aad2d962e60ed10d51d9092752b50c3c6e1a4bda0c5acad6cbb4b4621879efbba7c30970d3e49507946d",
            "directory_permission": "0777",
            "file_permission": "0777",
            "filename": "dev-file1.txt",
            "id": "716e5ab09f197058181f671263c06c0a4db6d1d3",
            "sensitive_content": null,
            "source": null
          },
          "sensitive_attributes": [
            [
              {
                "type": "get_attr",
                "value": "sensitive_content"
              }
            ]
          ],
          "identity_schema_version": 0
        },
        {
          "index_key": "file2.txt",
          "schema_version": 0,
          "attributes": {
            "content": "Hello from file 2",
            "content_base64": null,
            "content_base64sha256": "6dUKZA76DM6Z/r0GgVgPJOtWx14spx/GGfwCzH5q54k=",
            "content_base64sha512": "bRSPk0bICXevfRBGj+9RJ2H6c+zCseG97rUxOzOpqJdUdhYMdylu+b8Ouw4kThshwGka02SR1sdXFEugBuG4Qg==",
            "content_md5": "b315337e19ea47a3c6f76da5ded2ac15",
            "content_sha1": "4921b564760ab7427e60e123c687768d780f2db2",
            "content_sha256": "e9d50a640efa0cce99febd0681580f24eb56c75e2ca71fc619fc02cc7e6ae789",
            "content_sha512": "6d148f9346c80977af7d10468fef512761fa73ecc2b1e1bdeeb5313b33a9a8975476160c77296ef9bf0ebb0e244e1b21c0691ad36491d6c757144ba006e1b842",
            "directory_permission": "0777",
            "file_permission": "0777",
            "filename": "dev-file2.txt",
            "id": "4921b564760ab7427e60e123c687768d780f2db2",
            "sensitive_content": null,
            "source": null
          },
          "sensitive_attributes": [
            [
              {
                "type": "get_attr",
                "value": "sensitive_content"
              }
            ]
          ],
          "identity_schema_version": 0
        },
        {
          "index_key": "notes.txt",
          "schema_version": 0,
          "attributes": {
            "content": "Terraform is fun!",
            "content_base64": null,
            "content_base64sha256": "/YeopoVYd7ON7GiqvEuRbtAEj5rCCQVr4xfefVKSiLY=",
            "content_base64sha512": "y9VriyG5Zo2Y0A+k++pNIkgS8ed8xhSbFippcP+0ZiiOc6T5te9sGjFlyjl6gBAWinvQJfEkAfoy63C0a3akeA==",
            "content_md5": "2ef21d5771cdb5bd60fca59f999e0e84",
            "content_sha1": "081fe0bd7691d2b34755036596c34130a8bef03b",
            "content_sha256": "fd87a8a6855877b38dec68aabc4b916ed0048f9ac209056be317de7d529288b6",
            "content_sha512": "cbd56b8b21b9668d98d00fa4fbea4d224812f1e77cc6149b162a6970ffb466288e73a4f9b5ef6c1a3165ca397a8010168a7bd025f12401fa32eb70b46b76a478",
            "directory_permission": "0777",
            "file_permission": "0777",
            "filename": "dev-notes.txt",
            "id": "081fe0bd7691d2b34755036596c34130a8bef03b",
            "sensitive_content": null,
            "source": null
          },
          "sensitive_attributes": [
            [
              {
                "type": "get_attr",
                "value": "sensitive_content"
              }
            ]
          ],
          "identity_schema_version": 0
        },
        {
          "index_key": "secret.txt",
          "schema_version": 0,
          "attributes": {
            "content": "This is hidden power",
            "content_base64": null,
            "content_base64sha256": "zFIaYDna7W9ZnbkZyCF4qjyJ8Vzq7vmeU9huambKVEY=",
            "content_base64sha512": "QpLn6K0oGmAGAYU3zWYkDTHMHitlySiNzRmgCH7NaIgIZrNLsb6K2J7lWszv7OnOiKgJzMVs1d5pK1lOJL1QXA==",
            "content_md5": "9341bb5ec9eff6675b1665ed57442de0",
            "content_sha1": "cd6dea8bc5e8b81f61b35d5f0b87edda103d561a",
            "content_sha256": "cc521a6039daed6f599db919c82178aa3c89f15ceaeef99e53d86e6a66ca5446",
            "content_sha512": "4292e7e8ad281a6006018537cd66240d31cc1e2b65c9288dcd19a0087ecd68880866b34bb1be8ad89ee55accefece9ce88a809ccc56cd5de692b594e24bd505c",
            "directory_permission": "0777",
            "file_permission": "0777",
            "filename": "dev-secret.txt",
            "id": "cd6dea8bc5e8b81f61b35d5f0b87edda103d561a",
            "sensitive_content": null,
            "source": null
          },
          "sensitive_attributes": [
            [
              {
                "type": "get_attr",
                "value": "sensitive_content"
              }
            ]
          ],
          "identity_schema_version": 0
        }
      ]
    }
  ],
  "check_results": null
}
